
Microsoft Visual Studio Solution File, Format Version 12.00
# Visual Studio Version 16
VisualStudioVersion = 16.0.31410.357
MinimumVisualStudioVersion = 10.0.40219.1
Project("{FAE04EC0-301F-11D3-BF4B-00C04F79EFBC}") = "RazorFinanceLoginSystem", "RazorFinanceLoginSystem.csproj", "{83A50BAA-C29C-47F4-917C-9932343A6EDE}"
EndProject
Global
	GlobalSection(SolutionConfigurationPlatforms) = preSolution
		Debug|Any CPU = Debug|Any CPU
		Release|Any CPU = Release|Any CPU
	EndGlobalSection
	GlobalSection(ProjectConfigurationPlatforms) = postSolution
		{83A50BAA-C29C-47F4-917C-9932343A6EDE}.Debug|Any CPU.ActiveCfg = Debug|Any CPU
		{83A50BAA-C29C-47F4-917C-9932343A6EDE}.Debug|Any CPU.Build.0 = Debug|Any CPU
		{83A50BAA-C29C-47F4-917C-9932343A6EDE}.Release|Any CPU.ActiveCfg = Release|Any CPU
		{83A50BAA-C29C-47F4-917C-9932343A6EDE}.Release|Any CPU.Build.0 = Release|Any CPU
	EndGlobalSection
	GlobalSection(SolutionProperties) = preSolution
		HideSolutionNode = FALSE
	EndGlobalSection
	GlobalSection(ExtensibilityGlobals) = postSolution
		SolutionGuid = {E4693DE5-FE3F-4841-81A8-7BBCAC201B57}
	EndGlobalSection
EndGlobal
